
Microsoft Visual Studio Solution File, Format Version 12.00
# Visual Studio 15
VisualStudioVersion = 15.0.27130.2036
MinimumVisualStudioVersion = 10.0.40219.1
Project("{FAE04EC0-301F-11D3-BF4B-00C04F79EFBC}") = "WebAPIDemo", "WebAPIDemo\WebAPIDemo.csproj", "{46240787-A156-4C78-8AC8-37C1734583E5}"
EndProject
Project("{FAE04EC0-301F-11D3-BF4B-00C04F79EFBC}") = "ProtobufTest", "ProtobufTest\ProtobufTest.csproj", "{0B94950D-1429-425E-8C9F-532463579C36}"
EndProject
Global
	GlobalSection(SolutionConfigurationPlatforms) = preSolution
		Debug|Any CPU = Debug|Any CPU
		Release|Any CPU = Release|Any CPU
	EndGlobalSection
	GlobalSection(ProjectConfigurationPlatforms) = postSolution
		{46240787-A156-4C78-8AC8-37C1734583E5}.Debug|Any CPU.ActiveCfg = Debug|Any CPU
		{46240787-A156-4C78-8AC8-37C1734583E5}.Debug|Any CPU.Build.0 = Debug|Any CPU
		{46240787-A156-4C78-8AC8-37C1734583E5}.Release|Any CPU.ActiveCfg = Release|Any CPU
		{46240787-A156-4C78-8AC8-37C1734583E5}.Release|Any CPU.Build.0 = Release|Any CPU
		{0B94950D-1429-425E-8C9F-532463579C36}.Debug|Any CPU.ActiveCfg = Debug|Any CPU
		{0B94950D-1429-425E-8C9F-532463579C36}.Debug|Any CPU.Build.0 = Debug|Any CPU
		{0B94950D-1429-425E-8C9F-532463579C36}.Release|Any CPU.ActiveCfg = Release|Any CPU
		{0B94950D-1429-425E-8C9F-532463579C36}.Release|Any CPU.Build.0 = Release|Any CPU
	EndGlobalSection
	GlobalSection(SolutionProperties) = preSolution
		HideSolutionNode = FALSE
	EndGlobalSection
	GlobalSection(ExtensibilityGlobals) = postSolution
		SolutionGuid = {6D8CA640-1055-4806-8FA0-6282D6500118}
	EndGlobalSection
EndGlobal
